// !$*UTF8*$!
{
	archiveVersion = 1;
	classes = {
	};
	objectVersion = 56;
	objects = {

/* Begin PBXBuildFile section */
		C21254192AC70A360017C870 /* BookedDates.json in Resources */ = {isa = PBXBuildFile; fileRef = C21254182AC70A360017C870 /* BookedDates.json */; };
		C212541D2AC70B060017C870 /* BookableDates.json in Resources */ = {isa = PBXBuildFile; fileRef = C212541C2AC70B060017C870 /* BookableDates.json */; };
		C212541F2AC70B570017C870 /* CalendarPlanningService.swift in Sources */ = {isa = PBXBuildFile; fileRef = C212541E2AC70B570017C870 /* CalendarPlanningService.swift */; };
		C222022A2AD2FE7700F790BA /* LocaleHelper.swift in Sources */ = {isa = PBXBuildFile; fileRef = C22202292AD2FE7700F790BA /* LocaleHelper.swift */; };
		C222022C2AD320CD00F790BA /* CalendarView.swift in Sources */ = {isa = PBXBuildFile; fileRef = C222022B2AD320CD00F790BA /* CalendarView.swift */; };
		C222022E2AD3211100F790BA /* Extensions+Date.swift in Sources */ = {isa = PBXBuildFile; fileRef = C222022D2AD3211100F790BA /* Extensions+Date.swift */; };
		C23343AB2AD45DD200C4A73C /* BookedPerformance.swift in Sources */ = {isa = PBXBuildFile; fileRef = C23343AA2AD45DD200C4A73C /* BookedPerformance.swift */; };
		C2429DB52AD20C0D00A1F3AF /* CalendarUserView.swift in Sources */ = {isa = PBXBuildFile; fileRef = C2429DB42AD20C0D00A1F3AF /* CalendarUserView.swift */; };
		C2753B512ACC906D006DC453 /* CalendarViewModel.swift in Sources */ = {isa = PBXBuildFile; fileRef = C2753B502ACC906D006DC453 /* CalendarViewModel.swift */; };
		C29840E32ABDE35F00DDF8DA /* CalendarApp.swift in Sources */ = {isa = PBXBuildFile; fileRef = C29840E22ABDE35F00DDF8DA /* CalendarApp.swift */; };
		C29840E72ABDE36100DDF8DA /* Assets.xcassets in Resources */ = {isa = PBXBuildFile; fileRef = C29840E62ABDE36100DDF8DA /* Assets.xcassets */; };
		C29840EA2ABDE36100DDF8DA /* Preview Assets.xcassets in Resources */ = {isa = PBXBuildFile; fileRef = C29840E92ABDE36100DDF8DA /* Preview Assets.xcassets */; };
		C2A6CF532AC36DEF00ECFA06 /* Extensions+String.swift in Sources */ = {isa = PBXBuildFile; fileRef = C2A6CF522AC36DEF00ECFA06 /* Extensions+String.swift */; };
		C2BDCE0B2AC1E73400682800 /* BookablePerformance.swift in Sources */ = {isa = PBXBuildFile; fileRef = C2BDCE0A2AC1E73400682800 /* BookablePerformance.swift */; };
/* End PBXBuildFile section */

/* Begin PBXFileReference section */
		C21254182AC70A360017C870 /* BookedDates.json */ = {isa = PBXFileReference; lastKnownFileType = text.json; path = BookedDates.json; sourceTree = "<group>"; };
		C212541C2AC70B060017C870 /* BookableDates.json */ = {isa = PBXFileReference; lastKnownFileType = text.json; path = BookableDates.json; sourceTree = "<group>"; };
		C212541E2AC70B570017C870 /* CalendarPlanningService.swift */ = {isa = PBXFileReference; lastKnownFileType = sourcecode.swift; path = CalendarPlanningService.swift; sourceTree = "<group>"; };
		C22202292AD2FE7700F790BA /* LocaleHelper.swift */ = {isa = PBXFileReference; lastKnownFileType = sourcecode.swift; path = LocaleHelper.swift; sourceTree = "<group>"; };
		C222022B2AD320CD00F790BA /* CalendarView.swift */ = {isa = PBXFileReference; lastKnownFileType = sourcecode.swift; path = CalendarView.swift; sourceTree = "<group>"; };
		C222022D2AD3211100F790BA /* Extensions+Date.swift */ = {isa = PBXFileReference; lastKnownFileType = sourcecode.swift; path = "Extensions+Date.swift"; sourceTree = "<group>"; };
		C23343AA2AD45DD200C4A73C /* BookedPerformance.swift */ = {isa = PBXFileReference; lastKnownFileType = sourcecode.swift; path = BookedPerformance.swift; sourceTree = "<group>"; };
		C2429DB42AD20C0D00A1F3AF /* CalendarUserView.swift */ = {isa = PBXFileReference; lastKnownFileType = sourcecode.swift; path = CalendarUserView.swift; sourceTree = "<group>"; };
		C2753B502ACC906D006DC453 /* CalendarViewModel.swift */ = {isa = PBXFileReference; lastKnownFileType = sourcecode.swift; path = CalendarViewModel.swift; sourceTree = "<group>"; };
		C29840DF2ABDE35F00DDF8DA /* Calendar.app */ = {isa = PBXFileReference; explicitFileType = wrapper.application; includeInIndex = 0; path = Calendar.app; sourceTree = BUILT_PRODUCTS_DIR; };
		C29840E22ABDE35F00DDF8DA /* CalendarApp.swift */ = {isa = PBXFileReference; lastKnownFileType = sourcecode.swift; path = CalendarApp.swift; sourceTree = "<group>"; };
		C29840E62ABDE36100DDF8DA /* Assets.xcassets */ = {isa = PBXFileReference; lastKnownFileType = folder.assetcatalog; path = Assets.xcassets; sourceTree = "<group>"; };
		C29840E92ABDE36100DDF8DA /* Preview Assets.xcassets */ = {isa = PBXFileReference; lastKnownFileType = folder.assetcatalog; path = "Preview Assets.xcassets"; sourceTree = "<group>"; };
		C2A6CF522AC36DEF00ECFA06 /* Extensions+String.swift */ = {isa = PBXFileReference; lastKnownFileType = sourcecode.swift; path = "Extensions+String.swift"; sourceTree = "<group>"; };
		C2BDCE0A2AC1E73400682800 /* BookablePerformance.swift */ = {isa = PBXFileReference; lastKnownFileType = sourcecode.swift; path = BookablePerformance.swift; sourceTree = "<group>"; };
/* End PBXFileReference section */

/* Begin PBXFrameworksBuildPhase section */
		C29840DC2ABDE35F00DDF8DA /* Frameworks */ = {
			isa = PBXFrameworksBuildPhase;
			buildActionMask = 2147483647;
			files = (
			);
			runOnlyForDeploymentPostprocessing = 0;
		};
/* End PBXFrameworksBuildPhase section */

/* Begin PBXGroup section */
		C21254172AC709C20017C870 /* Service */ = {
			isa = PBXGroup;
			children = (
				C2E517692ACAED9000041B67 /* MockData */,
				C212541E2AC70B570017C870 /* CalendarPlanningService.swift */,
			);
			path = Service;
			sourceTree = "<group>";
		};
		C22202282AD2FE6900F790BA /* Helper */ = {
			isa = PBXGroup;
			children = (
				C22202292AD2FE7700F790BA /* LocaleHelper.swift */,
			);
			path = Helper;
			sourceTree = "<group>";
		};
		C29840D62ABDE35F00DDF8DA = {
			isa = PBXGroup;
			children = (
				C29840E12ABDE35F00DDF8DA /* Calendar */,
				C29840E02ABDE35F00DDF8DA /* Products */,
			);
			sourceTree = "<group>";
		};
		C29840E02ABDE35F00DDF8DA /* Products */ = {
			isa = PBXGroup;
			children = (
				C29840DF2ABDE35F00DDF8DA /* Calendar.app */,
			);
			name = Products;
			sourceTree = "<group>";
		};
		C29840E12ABDE35F00DDF8DA /* Calendar */ = {
			isa = PBXGroup;
			children = (
				C2BDCE0E2AC2234600682800 /* App */,
				C2BDCE0C2AC2231B00682800 /* Model */,
				C21254172AC709C20017C870 /* Service */,
				C2BDCE0F2AC223E900682800 /* ViewModel */,
				C2BDCE0D2AC2232900682800 /* Views */,
				C22202282AD2FE6900F790BA /* Helper */,
				C2A6CF512AC36DD900ECFA06 /* Extensions */,
				C29840E62ABDE36100DDF8DA /* Assets.xcassets */,
				C29840E82ABDE36100DDF8DA /* Preview Content */,
			);
			path = Calendar;
			sourceTree = "<group>";
		};
		C29840E82ABDE36100DDF8DA /* Preview Content */ = {
			isa = PBXGroup;
			children = (
				C29840E92ABDE36100DDF8DA /* Preview Assets.xcassets */,
			);
			path = "Preview Content";
			sourceTree = "<group>";
		};
		C2A6CF512AC36DD900ECFA06 /* Extensions */ = {
			isa = PBXGroup;
			children = (
				C222022D2AD3211100F790BA /* Extensions+Date.swift */,
				C2A6CF522AC36DEF00ECFA06 /* Extensions+String.swift */,
			);
			path = Extensions;
			sourceTree = "<group>";
		};
		C2BDCE0C2AC2231B00682800 /* Model */ = {
			isa = PBXGroup;
			children = (
				C23343AA2AD45DD200C4A73C /* BookedPerformance.swift */,
				C2BDCE0A2AC1E73400682800 /* BookablePerformance.swift */,
			);
			path = Model;
			sourceTree = "<group>";
		};
		C2BDCE0D2AC2232900682800 /* Views */ = {
			isa = PBXGroup;
			children = (
				C2429DB42AD20C0D00A1F3AF /* CalendarUserView.swift */,
				C222022B2AD320CD00F790BA /* CalendarView.swift */,
			);
			path = Views;
			sourceTree = "<group>";
		};
		C2BDCE0E2AC2234600682800 /* App */ = {
			isa = PBXGroup;
			children = (
				C29840E22ABDE35F00DDF8DA /* CalendarApp.swift */,
			);
			path = App;
			sourceTree = "<group>";
		};
		C2BDCE0F2AC223E900682800 /* ViewModel */ = {
			isa = PBXGroup;
			children = (
				C2753B502ACC906D006DC453 /* CalendarViewModel.swift */,
			);
			path = ViewModel;
			sourceTree = "<group>";
		};
		C2E517692ACAED9000041B67 /* MockData */ = {
			isa = PBXGroup;
			children = (
				C21254182AC70A360017C870 /* BookedDates.json */,
				C212541C2AC70B060017C870 /* BookableDates.json */,
			);
			path = MockData;
			sourceTree = "<group>";
		};
/* End PBXGroup section */

/* Begin PBXNativeTarget section */
		C29840DE2ABDE35F00DDF8DA /* Calendar */ = {
			isa = PBXNativeTarget;
			buildConfigurationList = C29840ED2ABDE36100DDF8DA /* Build configuration list for PBXNativeTarget "Calendar" */;
			buildPhases = (
				C29840DB2ABDE35F00DDF8DA /* Sources */,
				C29840DC2ABDE35F00DDF8DA /* Frameworks */,
				C29840DD2ABDE35F00DDF8DA /* Resources */,
			);
			buildRules = (
			);
			dependencies = (
			);
			name = Calendar;
			productName = Calendar;
			productReference = C29840DF2ABDE35F00DDF8DA /* Calendar.app */;
			productType = "com.apple.product-type.application";
		};
/* End PBXNativeTarget section */

/* Begin PBXProject section */
		C29840D72ABDE35F00DDF8DA /* Project object */ = {
			isa = PBXProject;
			attributes = {
				BuildIndependentTargetsInParallel = 1;
				LastSwiftUpdateCheck = 1430;
				LastUpgradeCheck = 1430;
				TargetAttributes = {
					C29840DE2ABDE35F00DDF8DA = {
						CreatedOnToolsVersion = 14.3.1;
					};
				};
			};
			buildConfigurationList = C29840DA2ABDE35F00DDF8DA /* Build configuration list for PBXProject "Calendar" */;
			compatibilityVersion = "Xcode 14.0";
			developmentRegion = en;
			hasScannedForEncodings = 0;
			knownRegions = (
				en,
				Base,
			);
			mainGroup = C29840D62ABDE35F00DDF8DA;
			productRefGroup = C29840E02ABDE35F00DDF8DA /* Products */;
			projectDirPath = "";
			projectRoot = "";
			targets = (
				C29840DE2ABDE35F00DDF8DA /* Calendar */,
			);
		};
/* End PBXProject section */

/* Begin PBXResourcesBuildPhase section */
		C29840DD2ABDE35F00DDF8DA /* Resources */ = {
			isa = PBXResourcesBuildPhase;
			buildActionMask = 2147483647;
			files = (
				C29840EA2ABDE36100DDF8DA /* Preview Assets.xcassets in Resources */,
				C21254192AC70A360017C870 /* BookedDates.json in Resources */,
				C212541D2AC70B060017C870 /* BookableDates.json in Resources */,
				C29840E72ABDE36100DDF8DA /* Assets.xcassets in Resources */,
			);
			runOnlyForDeploymentPostprocessing = 0;
		};
/* End PBXResourcesBuildPhase section */

/* Begin PBXSourcesBuildPhase section */
		C29840DB2ABDE35F00DDF8DA /* Sources */ = {
			isa = PBXSourcesBuildPhase;
			buildActionMask = 2147483647;
			files = (
				C2753B512ACC906D006DC453 /* CalendarViewModel.swift in Sources */,
				C23343AB2AD45DD200C4A73C /* BookedPerformance.swift in Sources */,
				C212541F2AC70B570017C870 /* CalendarPlanningService.swift in Sources */,
				C222022A2AD2FE7700F790BA /* LocaleHelper.swift in Sources */,
				C2429DB52AD20C0D00A1F3AF /* CalendarUserView.swift in Sources */,
				C222022C2AD320CD00F790BA /* CalendarView.swift in Sources */,
				C2BDCE0B2AC1E73400682800 /* BookablePerformance.swift in Sources */,
				C2A6CF532AC36DEF00ECFA06 /* Extensions+String.swift in Sources */,
				C222022E2AD3211100F790BA /* Extensions+Date.swift in Sources */,
				C29840E32ABDE35F00DDF8DA /* CalendarApp.swift in Sources */,
			);
			runOnlyForDeploymentPostprocessing = 0;
		};
/* End PBXSourcesBuildPhase section */

/* Begin XCBuildConfiguration section */
		C29840EB2ABDE36100DDF8DA /* Debug */ = {
			isa = XCBuildConfiguration;
			buildSettings = {
				ALWAYS_SEARCH_USER_PATHS = NO;
				CLANG_ANALYZER_NONNULL = YES;
				CLANG_ANALYZER_NUMBER_OBJECT_CONVERSION = YES_AGGRESSIVE;
				CLANG_CXX_LANGUAGE_STANDARD = "gnu++20";
				CLANG_ENABLE_MODULES = YES;
				CLANG_ENABLE_OBJC_ARC = YES;
				CLANG_ENABLE_OBJC_WEAK = YES;
				CLANG_WARN_BLOCK_CAPTURE_AUTORELEASING = YES;
				CLANG_WARN_BOOL_CONVERSION = YES;
				CLANG_WARN_COMMA = YES;
				CLANG_WARN_CONSTANT_CONVERSION = YES;
				CLANG_WARN_DEPRECATED_OBJC_IMPLEMENTATIONS = YES;
				CLANG_WARN_DIRECT_OBJC_ISA_USAGE = YES_ERROR;
				CLANG_WARN_DOCUMENTATION_COMMENTS = YES;
				CLANG_WARN_EMPTY_BODY = YES;
				CLANG_WARN_ENUM_CONVERSION = YES;
				CLANG_WARN_INFINITE_RECURSION = YES;
				CLANG_WARN_INT_CONVERSION = YES;
				CLANG_WARN_NON_LITERAL_NULL_CONVERSION = YES;
				CLANG_WARN_OBJC_IMPLICIT_RETAIN_SELF = YES;
				CLANG_WARN_OBJC_LITERAL_CONVERSION = YES;
				CLANG_WARN_OBJC_ROOT_CLASS = YES_ERROR;
				CLANG_WARN_QUOTED_INCLUDE_IN_FRAMEWORK_HEADER = YES;
				CLANG_WARN_RANGE_LOOP_ANALYSIS = YES;
				CLANG_WARN_STRICT_PROTOTYPES = YES;
				CLANG_WARN_SUSPICIOUS_MOVE = YES;
				CLANG_WARN_UNGUARDED_AVAILABILITY = YES_AGGRESSIVE;
				CLANG_WARN_UNREACHABLE_CODE = YES;
				CLANG_WARN__DUPLICATE_METHOD_MATCH = YES;
				COPY_PHASE_STRIP = NO;
				DEBUG_INFORMATION_FORMAT = dwarf;
				ENABLE_STRICT_OBJC_MSGSEND = YES;
				ENABLE_TESTABILITY = YES;
				GCC_C_LANGUAGE_STANDARD = gnu11;
				GCC_DYNAMIC_NO_PIC = NO;
				GCC_NO_COMMON_BLOCKS = YES;
				GCC_OPTIMIZATION_LEVEL = 0;
				GCC_PREPROCESSOR_DEFINITIONS = (
					"DEBUG=1",
					"$(inherited)",
				);
				GCC_WARN_64_TO_32_BIT_CONVERSION = YES;
				GCC_WARN_ABOUT_RETURN_TYPE = YES_ERROR;
				GCC_WARN_UNDECLARED_SELECTOR = YES;
				GCC_WARN_UNINITIALIZED_AUTOS = YES_AGGRESSIVE;
				GCC_WARN_UNUSED_FUNCTION = YES;
				GCC_WARN_UNUSED_VARIABLE = YES;
				IPHONEOS_DEPLOYMENT_TARGET = 16.4;
				MTL_ENABLE_DEBUG_INFO = INCLUDE_SOURCE;
				MTL_FAST_MATH = YES;
				ONLY_ACTIVE_ARCH = YES;
				SDKROOT = iphoneos;
				SWIFT_ACTIVE_COMPILATION_CONDITIONS = DEBUG;
				SWIFT_OPTIMIZATION_LEVEL = "-Onone";
			};
			name = Debug;
		};
		C29840EC2ABDE36100DDF8DA /* Release */ = {
			isa = XCBuildConfiguration;
			buildSettings = {
				ALWAYS_SEARCH_USER_PATHS = NO;
				CLANG_ANALYZER_NONNULL = YES;
				CLANG_ANALYZER_NUMBER_OBJECT_CONVERSION = YES_AGGRESSIVE;
				CLANG_CXX_LANGUAGE_STANDARD = "gnu++20";
				CLANG_ENABLE_MODULES = YES;
				CLANG_ENABLE_OBJC_ARC = YES;
				CLANG_ENABLE_OBJC_WEAK = YES;
				CLANG_WARN_BLOCK_CAPTURE_AUTORELEASING = YES;
				CLANG_WARN_BOOL_CONVERSION = YES;
				CLANG_WARN_COMMA = YES;
				CLANG_WARN_CONSTANT_CONVERSION = YES;
				CLANG_WARN_DEPRECATED_OBJC_IMPLEMENTATIONS = YES;
				CLANG_WARN_DIRECT_OBJC_ISA_USAGE = YES_ERROR;
				CLANG_WARN_DOCUMENTATION_COMMENTS = YES;
				CLANG_WARN_EMPTY_BODY = YES;
				CLANG_WARN_ENUM_CONVERSION = YES;
				CLANG_WARN_INFINITE_RECURSION = YES;
				CLANG_WARN_INT_CONVERSION = YES;
				CLANG_WARN_NON_LITERAL_NULL_CONVERSION = YES;
				CLANG_WARN_OBJC_IMPLICIT_RETAIN_SELF = YES;
				CLANG_WARN_OBJC_LITERAL_CONVERSION = YES;
				CLANG_WARN_OBJC_ROOT_CLASS = YES_ERROR;
				CLANG_WARN_QUOTED_INCLUDE_IN_FRAMEWORK_HEADER = YES;
				CLANG_WARN_RANGE_LOOP_ANALYSIS = YES;
				CLANG_WARN_STRICT_PROTOTYPES = YES;
				CLANG_WARN_SUSPICIOUS_MOVE = YES;
				CLANG_WARN_UNGUARDED_AVAILABILITY = YES_AGGRESSIVE;
				CLANG_WARN_UNREACHABLE_CODE = YES;
				CLANG_WARN__DUPLICATE_METHOD_MATCH = YES;
				COPY_PHASE_STRIP = NO;
				DEBUG_INFORMATION_FORMAT = "dwarf-with-dsym";
				ENABLE_NS_ASSERTIONS = NO;
				ENABLE_STRICT_OBJC_MSGSEND = YES;
				GCC_C_LANGUAGE_STANDARD = gnu11;
				GCC_NO_COMMON_BLOCKS = YES;
				GCC_WARN_64_TO_32_BIT_CONVERSION = YES;
				GCC_WARN_ABOUT_RETURN_TYPE = YES_ERROR;
				GCC_WARN_UNDECLARED_SELECTOR = YES;
				GCC_WARN_UNINITIALIZED_AUTOS = YES_AGGRESSIVE;
				GCC_WARN_UNUSED_FUNCTION = YES;
				GCC_WARN_UNUSED_VARIABLE = YES;
				IPHONEOS_DEPLOYMENT_TARGET = 16.4;
				MTL_ENABLE_DEBUG_INFO = NO;
				MTL_FAST_MATH = YES;
				SDKROOT = iphoneos;
				SWIFT_COMPILATION_MODE = wholemodule;
				SWIFT_OPTIMIZATION_LEVEL = "-O";
				VALIDATE_PRODUCT = YES;
			};
			name = Release;
		};
		C29840EE2ABDE36100DDF8DA /* Debug */ = {
			isa = XCBuildConfiguration;
			buildSettings = {
				ASSETCATALOG_COMPILER_APPICON_NAME = AppIcon;
				ASSETCATALOG_COMPILER_GLOBAL_ACCENT_COLOR_NAME = AccentColor;
				CODE_SIGN_STYLE = Automatic;
				CURRENT_PROJECT_VERSION = 1;
				DEVELOPMENT_ASSET_PATHS = "\"Calendar/Preview Content\"";
				DEVELOPMENT_TEAM = V54XUHS56L;
				ENABLE_PREVIEWS = YES;
				GENERATE_INFOPLIST_FILE = YES;
				INFOPLIST_KEY_UIApplicationSceneManifest_Generation = YES;
				INFOPLIST_KEY_UIApplicationSupportsIndirectInputEvents = YES;
				INFOPLIST_KEY_UILaunchScreen_Generation = YES;
				INFOPLIST_KEY_UISupportedInterfaceOrientations_iPad = "UIInterfaceOrientationPortrait UIInterfaceOrientationPortraitUpsideDown UIInterfaceOrientationLandscapeLeft UIInterfaceOrientationLandscapeRight";
				INFOPLIST_KEY_UISupportedInterfaceOrientations_iPhone = "UIInterfaceOrientationPortrait UIInterfaceOrientationLandscapeLeft UIInterfaceOrientationLandscapeRight";
				LD_RUNPATH_SEARCH_PATHS = (
					"$(inherited)",
					"@executable_path/Frameworks",
				);
				MARKETING_VERSION = 1.0;
				PRODUCT_BUNDLE_IDENTIFIER = raphael.huangdubois.Calendar;
				PRODUCT_NAME = "$(TARGET_NAME)";
				SWIFT_EMIT_LOC_STRINGS = YES;
				SWIFT_VERSION = 5.0;
				TARGETED_DEVICE_FAMILY = "1,2";
			};
			name = Debug;
		};
		C29840EF2ABDE36100DDF8DA /* Release */ = {
			isa = XCBuildConfiguration;
			buildSettings = {
				ASSETCATALOG_COMPILER_APPICON_NAME = AppIcon;
				ASSETCATALOG_COMPILER_GLOBAL_ACCENT_COLOR_NAME = AccentColor;
				CODE_SIGN_STYLE = Automatic;
				CURRENT_PROJECT_VERSION = 1;
				DEVELOPMENT_ASSET_PATHS = "\"Calendar/Preview Content\"";
				DEVELOPMENT_TEAM = V54XUHS56L;
				ENABLE_PREVIEWS = YES;
				GENERATE_INFOPLIST_FILE = YES;
				INFOPLIST_KEY_UIApplicationSceneManifest_Generation = YES;
				INFOPLIST_KEY_UIApplicationSupportsIndirectInputEvents = YES;
				INFOPLIST_KEY_UILaunchScreen_Generation = YES;
				INFOPLIST_KEY_UISupportedInterfaceOrientations_iPad = "UIInterfaceOrientationPortrait UIInterfaceOrientationPortraitUpsideDown UIInterfaceOrientationLandscapeLeft UIInterfaceOrientationLandscapeRight";
				INFOPLIST_KEY_UISupportedInterfaceOrientations_iPhone = "UIInterfaceOrientationPortrait UIInterfaceOrientationLandscapeLeft UIInterfaceOrientationLandscapeRight";
				LD_RUNPATH_SEARCH_PATHS = (
					"$(inherited)",
					"@executable_path/Frameworks",
				);
				MARKETING_VERSION = 1.0;
				PRODUCT_BUNDLE_IDENTIFIER = raphael.huangdubois.Calendar;
				PRODUCT_NAME = "$(TARGET_NAME)";
				SWIFT_EMIT_LOC_STRINGS = YES;
				SWIFT_VERSION = 5.0;
				TARGETED_DEVICE_FAMILY = "1,2";
			};
			name = Release;
		};
/* End XCBuildConfiguration section */

/* Begin XCConfigurationList section */
		C29840DA2ABDE35F00DDF8DA /* Build configuration list for PBXProject "Calendar" */ = {
			isa = XCConfigurationList;
			buildConfigurations = (
				C29840EB2ABDE36100DDF8DA /* Debug */,
				C29840EC2ABDE36100DDF8DA /* Release */,
			);
			defaultConfigurationIsVisible = 0;
			defaultConfigurationName = Release;
		};
		C29840ED2ABDE36100DDF8DA /* Build configuration list for PBXNativeTarget "Calendar" */ = {
			isa = XCConfigurationList;
			buildConfigurations = (
				C29840EE2ABDE36100DDF8DA /* Debug */,
				C29840EF2ABDE36100DDF8DA /* Release */,
			);
			defaultConfigurationIsVisible = 0;
			defaultConfigurationName = Release;
		};
/* End XCConfigurationList section */
	};
	rootObject = C29840D72ABDE35F00DDF8DA /* Project object */;
}
